
Microsoft Visual Studio Solution File, Format Version 12.00
# Visual Studio 14
VisualStudioVersion = 14.0.25123.0
MinimumVisualStudioVersion = 10.0.40219.1
Project("{FAE04EC0-301F-11D3-BF4B-00C04F79EFBC}") = "RevitHelloWorld", "RevitHelloWorld\RevitHelloWorld.csproj", "{6C94D5A9-AAD2-493B-BA84-CDB0EF2E3C99}"
EndProject
Project("{FAE04EC0-301F-11D3-BF4B-00C04F79EFBC}") = "AnalysisVisualizationFramework", "AnalysisVisualizationFramework\AnalysisVisualizationFramework.csproj", "{533D1560-F370-4750-85B0-C92F36B7BA0C}"
EndProject
Project("{FAE04EC0-301F-11D3-BF4B-00C04F79EFBC}") = "Geometry", "Geometry\Geometry.csproj", "{1C4454FE-3842-43C3-9242-D657F854F343}"
EndProject
Project("{FAE04EC0-301F-11D3-BF4B-00C04F79EFBC}") = "DrawUtils", "DrawUtils\DrawUtils.csproj", "{4887A607-915E-453F-8DC7-72C08854F316}"
EndProject
Global
	GlobalSection(SolutionConfigurationPlatforms) = preSolution
		Debug|Any CPU = Debug|Any CPU
		Release|Any CPU = Release|Any CPU
	EndGlobalSection
	GlobalSection(ProjectConfigurationPlatforms) = postSolution
		{6C94D5A9-AAD2-493B-BA84-CDB0EF2E3C99}.Debug|Any CPU.ActiveCfg = Debug|Any CPU
		{6C94D5A9-AAD2-493B-BA84-CDB0EF2E3C99}.Debug|Any CPU.Build.0 = Debug|Any CPU
		{6C94D5A9-AAD2-493B-BA84-CDB0EF2E3C99}.Release|Any CPU.ActiveCfg = Release|Any CPU
		{6C94D5A9-AAD2-493B-BA84-CDB0EF2E3C99}.Release|Any CPU.Build.0 = Release|Any CPU
		{533D1560-F370-4750-85B0-C92F36B7BA0C}.Debug|Any CPU.ActiveCfg = Debug|Any CPU
		{533D1560-F370-4750-85B0-C92F36B7BA0C}.Debug|Any CPU.Build.0 = Debug|Any CPU
		{533D1560-F370-4750-85B0-C92F36B7BA0C}.Release|Any CPU.ActiveCfg = Release|Any CPU
		{533D1560-F370-4750-85B0-C92F36B7BA0C}.Release|Any CPU.Build.0 = Release|Any CPU
		{1C4454FE-3842-43C3-9242-D657F854F343}.Debug|Any CPU.ActiveCfg = Debug|Any CPU
		{1C4454FE-3842-43C3-9242-D657F854F343}.Debug|Any CPU.Build.0 = Debug|Any CPU
		{1C4454FE-3842-43C3-9242-D657F854F343}.Release|Any CPU.ActiveCfg = Release|Any CPU
		{1C4454FE-3842-43C3-9242-D657F854F343}.Release|Any CPU.Build.0 = Release|Any CPU
		{4887A607-915E-453F-8DC7-72C08854F316}.Debug|Any CPU.ActiveCfg = Debug|Any CPU
		{4887A607-915E-453F-8DC7-72C08854F316}.Debug|Any CPU.Build.0 = Debug|Any CPU
		{4887A607-915E-453F-8DC7-72C08854F316}.Release|Any CPU.ActiveCfg = Release|Any CPU
		{4887A607-915E-453F-8DC7-72C08854F316}.Release|Any CPU.Build.0 = Release|Any CPU
	EndGlobalSection
	GlobalSection(SolutionProperties) = preSolution
		HideSolutionNode = FALSE
	EndGlobalSection
EndGlobal
